
Microsoft Visual Studio Solution File, Format Version 12.00
# Visual Studio Version 16
VisualStudioVersion = 16.0.30804.86
MinimumVisualStudioVersion = 10.0.40219.1
Project("{FAE04EC0-301F-11D3-BF4B-00C04F79EFBC}") = "EjemploListV.UWP", "EjemploListV\EjemploListV.UWP\EjemploListV.UWP.csproj", "{24DC8298-C594-4DB1-BCD1-15CFAA4092D5}"
EndProject
Project("{FAE04EC0-301F-11D3-BF4B-00C04F79EFBC}") = "EjemploListV.Android", "EjemploListV\EjemploListV.Android\EjemploListV.Android.csproj", "{4151A1E8-0AAF-492A-ACCC-844F3F703A6A}"
EndProject
Project("{FAE04EC0-301F-11D3-BF4B-00C04F79EFBC}") = "EjemploListV.iOS", "EjemploListV\EjemploListV.iOS\EjemploListV.iOS.csproj", "{5808A316-0094-452A-8ED7-DEB7985A0F22}"
EndProject
Project("{FAE04EC0-301F-11D3-BF4B-00C04F79EFBC}") = "EjemploListV", "EjemploListV\EjemploListV\EjemploListV.csproj", "{728EBCDD-20A8-4804-B495-70E0E0CB923A}"
EndProject
Global
	GlobalSection(SolutionConfigurationPlatforms) = preSolution
		Debug|Any CPU = Debug|Any CPU
		Debug|ARM = Debug|ARM
		Debug|iPhone = Debug|iPhone
		Debug|iPhoneSimulator = Debug|iPhoneSimulator
		Debug|x64 = Debug|x64
		Debug|x86 = Debug|x86
		Release|Any CPU = Release|Any CPU
		Release|ARM = Release|ARM
		Release|iPhone = Release|iPhone
		Release|iPhoneSimulator = Release|iPhoneSimulator
		Release|x64 = Release|x64
		Release|x86 = Release|x86
	EndGlobalSection
	GlobalSection(ProjectConfigurationPlatforms) = postSolution
		{24DC8298-C594-4DB1-BCD1-15CFAA4092D5}.Debug|Any CPU.ActiveCfg = Debug|x86
		{24DC8298-C594-4DB1-BCD1-15CFAA4092D5}.Debug|Any CPU.Build.0 = Debug|x86
		{24DC8298-C594-4DB1-BCD1-15CFAA4092D5}.Debug|Any CPU.Deploy.0 = Debug|x86
		{24DC8298-C594-4DB1-BCD1-15CFAA4092D5}.Debug|ARM.ActiveCfg = Debug|ARM
		{24DC8298-C594-4DB1-BCD1-15CFAA4092D5}.Debug|ARM.Build.0 = Debug|ARM
		{24DC8298-C594-4DB1-BCD1-15CFAA4092D5}.Debug|ARM.Deploy.0 = Debug|ARM
		{24DC8298-C594-4DB1-BCD1-15CFAA4092D5}.Debug|iPhone.ActiveCfg = Debug|x86
		{24DC8298-C594-4DB1-BCD1-15CFAA4092D5}.Debug|iPhone.Build.0 = Debug|x86
		{24DC8298-C594-4DB1-BCD1-15CFAA4092D5}.Debug|iPhone.Deploy.0 = Debug|x86
		{24DC8298-C594-4DB1-BCD1-15CFAA4092D5}.Debug|iPhoneSimulator.ActiveCfg = Debug|x86
		{24DC8298-C594-4DB1-BCD1-15CFAA4092D5}.Debug|iPhoneSimulator.Build.0 = Debug|x86
		{24DC8298-C594-4DB1-BCD1-15CFAA4092D5}.Debug|iPhoneSimulator.Deploy.0 = Debug|x86
		{24DC8298-C594-4DB1-BCD1-15CFAA4092D5}.Debug|x64.ActiveCfg = Debug|x64
		{24DC8298-C594-4DB1-BCD1-15CFAA4092D5}.Debug|x64.Build.0 = Debug|x64
		{24DC8298-C594-4DB1-BCD1-15CFAA4092D5}.Debug|x64.Deploy.0 = Debug|x64
		{24DC8298-C594-4DB1-BCD1-15CFAA4092D5}.Debug|x86.ActiveCfg = Debug|x86
		{24DC8298-C594-4DB1-BCD1-15CFAA4092D5}.Debug|x86.Build.0 = Debug|x86
		{24DC8298-C594-4DB1-BCD1-15CFAA4092D5}.Debug|x86.Deploy.0 = Debug|x86
		{24DC8298-C594-4DB1-BCD1-15CFAA4092D5}.Release|Any CPU.ActiveCfg = Release|x86
		{24DC8298-C594-4DB1-BCD1-15CFAA4092D5}.Release|Any CPU.Build.0 = Release|x86
		{24DC8298-C594-4DB1-BCD1-15CFAA4092D5}.Release|Any CPU.Deploy.0 = Release|x86
		{24DC8298-C594-4DB1-BCD1-15CFAA4092D5}.Release|ARM.ActiveCfg = Release|ARM
		{24DC8298-C594-4DB1-BCD1-15CFAA4092D5}.Release|ARM.Build.0 = Release|ARM
		{24DC8298-C594-4DB1-BCD1-15CFAA4092D5}.Release|ARM.Deploy.0 = Release|ARM
		{24DC8298-C594-4DB1-BCD1-15CFAA4092D5}.Release|iPhone.ActiveCfg = Release|x86
		{24DC8298-C594-4DB1-BCD1-15CFAA4092D5}.Release|iPhone.Build.0 = Release|x86
		{24DC8298-C594-4DB1-BCD1-15CFAA4092D5}.Release|iPhone.Deploy.0 = Release|x86
		{24DC8298-C594-4DB1-BCD1-15CFAA4092D5}.Release|iPhoneSimulator.ActiveCfg = Release|x86
		{24DC8298-C594-4DB1-BCD1-15CFAA4092D5}.Release|iPhoneSimulator.Build.0 = Release|x86
		{24DC8298-C594-4DB1-BCD1-15CFAA4092D5}.Release|iPhoneSimulator.Deploy.0 = Release|x86
		{24DC8298-C594-4DB1-BCD1-15CFAA4092D5}.Release|x64.ActiveCfg = Release|x64
		{24DC8298-C594-4DB1-BCD1-15CFAA4092D5}.Release|x64.Build.0 = Release|x64
		{24DC8298-C594-4DB1-BCD1-15CFAA4092D5}.Release|x64.Deploy.0 = Release|x64
		{24DC8298-C594-4DB1-BCD1-15CFAA4092D5}.Release|x86.ActiveCfg = Release|x86
		{24DC8298-C594-4DB1-BCD1-15CFAA4092D5}.Release|x86.Build.0 = Release|x86
		{24DC8298-C594-4DB1-BCD1-15CFAA4092D5}.Release|x86.Deploy.0 = Release|x86
		{4151A1E8-0AAF-492A-ACCC-844F3F703A6A}.Debug|Any CPU.ActiveCfg = Debug|Any CPU
		{4151A1E8-0AAF-492A-ACCC-844F3F703A6A}.Debug|Any CPU.Build.0 = Debug|Any CPU
		{4151A1E8-0AAF-492A-ACCC-844F3F703A6A}.Debug|Any CPU.Deploy.0 = Debug|Any CPU
		{4151A1E8-0AAF-492A-ACCC-844F3F703A6A}.Debug|ARM.ActiveCfg = Debug|Any CPU
		{4151A1E8-0AAF-492A-ACCC-844F3F703A6A}.Debug|ARM.Build.0 = Debug|Any CPU
		{4151A1E8-0AAF-492A-ACCC-844F3F703A6A}.Debug|ARM.Deploy.0 = Debug|Any CPU
		{4151A1E8-0AAF-492A-ACCC-844F3F703A6A}.Debug|iPhone.ActiveCfg = Debug|Any CPU
		{4151A1E8-0AAF-492A-ACCC-844F3F703A6A}.Debug|iPhone.Build.0 = Debug|Any CPU
		{4151A1E8-0AAF-492A-ACCC-844F3F703A6A}.Debug|iPhone.Deploy.0 = Debug|Any CPU
		{4151A1E8-0AAF-492A-ACCC-844F3F703A6A}.Debug|iPhoneSimulator.ActiveCfg = Debug|Any CPU
		{4151A1E8-0AAF-492A-ACCC-844F3F703A6A}.Debug|iPhoneSimulator.Build.0 = Debug|Any CPU
		{4151A1E8-0AAF-492A-ACCC-844F3F703A6A}.Debug|iPhoneSimulator.Deploy.0 = Debug|Any CPU
		{4151A1E8-0AAF-492A-ACCC-844F3F703A6A}.Debug|x64.ActiveCfg = Debug|Any CPU
		{4151A1E8-0AAF-492A-ACCC-844F3F703A6A}.Debug|x64.Build.0 = Debug|Any CPU
		{4151A1E8-0AAF-492A-ACCC-844F3F703A6A}.Debug|x64.Deploy.0 = Debug|Any CPU
		{4151A1E8-0AAF-492A-ACCC-844F3F703A6A}.Debug|x86.ActiveCfg = Debug|Any CPU
		{4151A1E8-0AAF-492A-ACCC-844F3F703A6A}.Debug|x86.Build.0 = Debug|Any CPU
		{4151A1E8-0AAF-492A-ACCC-844F3F703A6A}.Debug|x86.Deploy.0 = Debug|Any CPU
		{4151A1E8-0AAF-492A-ACCC-844F3F703A6A}.Release|Any CPU.ActiveCfg = Release|Any CPU
		{4151A1E8-0AAF-492A-ACCC-844F3F703A6A}.Release|Any CPU.Build.0 = Release|Any CPU
		{4151A1E8-0AAF-492A-ACCC-844F3F703A6A}.Release|Any CPU.Deploy.0 = Release|Any CPU
		{4151A1E8-0AAF-492A-ACCC-844F3F703A6A}.Release|ARM.ActiveCfg = Release|Any CPU
		{4151A1E8-0AAF-492A-ACCC-844F3F703A6A}.Release|ARM.Build.0 = Release|Any CPU
		{4151A1E8-0AAF-492A-ACCC-844F3F703A6A}.Release|ARM.Deploy.0 = Release|Any CPU
		{4151A1E8-0AAF-492A-ACCC-844F3F703A6A}.Release|iPhone.ActiveCfg = Release|Any CPU
		{4151A1E8-0AAF-492A-ACCC-844F3F703A6A}.Release|iPhone.Build.0 = Release|Any CPU
		{4151A1E8-0AAF-492A-ACCC-844F3F703A6A}.Release|iPhone.Deploy.0 = Release|Any CPU
		{4151A1E8-0AAF-492A-ACCC-844F3F703A6A}.Release|iPhoneSimulator.ActiveCfg = Release|Any CPU
		{4151A1E8-0AAF-492A-ACCC-844F3F703A6A}.Release|iPhoneSimulator.Build.0 = Release|Any CPU
		{4151A1E8-0AAF-492A-ACCC-844F3F703A6A}.Release|iPhoneSimulator.Deploy.0 = Release|Any CPU
		{4151A1E8-0AAF-492A-ACCC-844F3F703A6A}.Release|x64.ActiveCfg = Release|Any CPU
		{4151A1E8-0AAF-492A-ACCC-844F3F703A6A}.Release|x64.Build.0 = Release|Any CPU
		{4151A1E8-0AAF-492A-ACCC-844F3F703A6A}.Release|x64.Deploy.0 = Release|Any CPU
		{4151A1E8-0AAF-492A-ACCC-844F3F703A6A}.Release|x86.ActiveCfg = Release|Any CPU
		{4151A1E8-0AAF-492A-ACCC-844F3F703A6A}.Release|x86.Build.0 = Release|Any CPU
		{4151A1E8-0AAF-492A-ACCC-844F3F703A6A}.Release|x86.Deploy.0 = Release|Any CPU
		{5808A316-0094-452A-8ED7-DEB7985A0F22}.Debug|Any CPU.ActiveCfg = Debug|iPhoneSimulator
		{5808A316-0094-452A-8ED7-DEB7985A0F22}.Debug|Any CPU.Build.0 = Debug|iPhoneSimulator
		{5808A316-0094-452A-8ED7-DEB7985A0F22}.Debug|Any CPU.Deploy.0 = Debug|iPhoneSimulator
		{5808A316-0094-452A-8ED7-DEB7985A0F22}.Debug|ARM.ActiveCfg = Debug|iPhone
		{5808A316-0094-452A-8ED7-DEB7985A0F22}.Debug|ARM.Build.0 = Debug|iPhone
		{5808A316-0094-452A-8ED7-DEB7985A0F22}.Debug|ARM.Deploy.0 = Debug|iPhone
		{5808A316-0094-452A-8ED7-DEB7985A0F22}.Debug|iPhone.ActiveCfg = Debug|iPhone
		{5808A316-0094-452A-8ED7-DEB7985A0F22}.Debug|iPhone.Build.0 = Debug|iPhone
		{5808A316-0094-452A-8ED7-DEB7985A0F22}.Debug|iPhone.Deploy.0 = Debug|iPhone
		{5808A316-0094-452A-8ED7-DEB7985A0F22}.Debug|iPhoneSimulator.ActiveCfg = Debug|iPhoneSimulator
		{5808A316-0094-452A-8ED7-DEB7985A0F22}.Debug|iPhoneSimulator.Build.0 = Debug|iPhoneSimulator
		{5808A316-0094-452A-8ED7-DEB7985A0F22}.Debug|iPhoneSimulator.Deploy.0 = Debug|iPhoneSimulator
		{5808A316-0094-452A-8ED7-DEB7985A0F22}.Debug|x64.ActiveCfg = Debug|iPhoneSimulator
		{5808A316-0094-452A-8ED7-DEB7985A0F22}.Debug|x64.Build.0 = Debug|iPhoneSimulator
		{5808A316-0094-452A-8ED7-DEB7985A0F22}.Debug|x64.Deploy.0 = Debug|iPhoneSimulator
		{5808A316-0094-452A-8ED7-DEB7985A0F22}.Debug|x86.ActiveCfg = Debug|iPhoneSimulator
		{5808A316-0094-452A-8ED7-DEB7985A0F22}.Debug|x86.Build.0 = Debug|iPhoneSimulator
		{5808A316-0094-452A-8ED7-DEB7985A0F22}.Debug|x86.Deploy.0 = Debug|iPhoneSimulator
		{5808A316-0094-452A-8ED7-DEB7985A0F22}.Release|Any CPU.ActiveCfg = Release|iPhoneSimulator
		{5808A316-0094-452A-8ED7-DEB7985A0F22}.Release|Any CPU.Build.0 = Release|iPhoneSimulator
		{5808A316-0094-452A-8ED7-DEB7985A0F22}.Release|Any CPU.Deploy.0 = Release|iPhoneSimulator
		{5808A316-0094-452A-8ED7-DEB7985A0F22}.Release|ARM.ActiveCfg = Release|iPhoneSimulator
		{5808A316-0094-452A-8ED7-DEB7985A0F22}.Release|ARM.Build.0 = Release|iPhoneSimulator
		{5808A316-0094-452A-8ED7-DEB7985A0F22}.Release|ARM.Deploy.0 = Release|iPhoneSimulator
		{5808A316-0094-452A-8ED7-DEB7985A0F22}.Release|iPhone.ActiveCfg = Release|iPhone
		{5808A316-0094-452A-8ED7-DEB7985A0F22}.Release|iPhone.Build.0 = Release|iPhone
		{5808A316-0094-452A-8ED7-DEB7985A0F22}.Release|iPhone.Deploy.0 = Release|iPhone
		{5808A316-0094-452A-8ED7-DEB7985A0F22}.Release|iPhoneSimulator.ActiveCfg = Release|iPhoneSimulator
		{5808A316-0094-452A-8ED7-DEB7985A0F22}.Release|iPhoneSimulator.Build.0 = Release|iPhoneSimulator
		{5808A316-0094-452A-8ED7-DEB7985A0F22}.Release|iPhoneSimulator.Deploy.0 = Release|iPhoneSimulator
		{5808A316-0094-452A-8ED7-DEB7985A0F22}.Release|x64.ActiveCfg = Release|iPhoneSimulator
		{5808A316-0094-452A-8ED7-DEB7985A0F22}.Release|x64.Build.0 = Release|iPhoneSimulator
		{5808A316-0094-452A-8ED7-DEB7985A0F22}.Release|x64.Deploy.0 = Release|iPhoneSimulator
		{5808A316-0094-452A-8ED7-DEB7985A0F22}.Release|x86.ActiveCfg = Release|iPhoneSimulator
		{5808A316-0094-452A-8ED7-DEB7985A0F22}.Release|x86.Build.0 = Release|iPhoneSimulator
		{5808A316-0094-452A-8ED7-DEB7985A0F22}.Release|x86.Deploy.0 = Release|iPhoneSimulator
		{728EBCDD-20A8-4804-B495-70E0E0CB923A}.Debug|Any CPU.ActiveCfg = Debug|Any CPU
		{728EBCDD-20A8-4804-B495-70E0E0CB923A}.Debug|Any CPU.Build.0 = Debug|Any CPU
		{728EBCDD-20A8-4804-B495-70E0E0CB923A}.Debug|Any CPU.Deploy.0 = Debug|Any CPU
		{728EBCDD-20A8-4804-B495-70E0E0CB923A}.Debug|ARM.ActiveCfg = Debug|Any CPU
		{728EBCDD-20A8-4804-B495-70E0E0CB923A}.Debug|ARM.Build.0 = Debug|Any CPU
		{728EBCDD-20A8-4804-B495-70E0E0CB923A}.Debug|ARM.Deploy.0 = Debug|Any CPU
		{728EBCDD-20A8-4804-B495-70E0E0CB923A}.Debug|iPhone.ActiveCfg = Debug|Any CPU
		{728EBCDD-20A8-4804-B495-70E0E0CB923A}.Debug|iPhone.Build.0 = Debug|Any CPU
		{728EBCDD-20A8-4804-B495-70E0E0CB923A}.Debug|iPhone.Deploy.0 = Debug|Any CPU
		{728EBCDD-20A8-4804-B495-70E0E0CB923A}.Debug|iPhoneSimulator.ActiveCfg = Debug|Any CPU
		{728EBCDD-20A8-4804-B495-70E0E0CB923A}.Debug|iPhoneSimulator.Build.0 = Debug|Any CPU
		{728EBCDD-20A8-4804-B495-70E0E0CB923A}.Debug|iPhoneSimulator.Deploy.0 = Debug|Any CPU
		{728EBCDD-20A8-4804-B495-70E0E0CB923A}.Debug|x64.ActiveCfg = Debug|Any CPU
		{728EBCDD-20A8-4804-B495-70E0E0CB923A}.Debug|x64.Build.0 = Debug|Any CPU
		{728EBCDD-20A8-4804-B495-70E0E0CB923A}.Debug|x64.Deploy.0 = Debug|Any CPU
		{728EBCDD-20A8-4804-B495-70E0E0CB923A}.Debug|x86.ActiveCfg = Debug|Any CPU
		{728EBCDD-20A8-4804-B495-70E0E0CB923A}.Debug|x86.Build.0 = Debug|Any CPU
		{728EBCDD-20A8-4804-B495-70E0E0CB923A}.Debug|x86.Deploy.0 = Debug|Any CPU
		{728EBCDD-20A8-4804-B495-70E0E0CB923A}.Release|Any CPU.ActiveCfg = Release|Any CPU
		{728EBCDD-20A8-4804-B495-70E0E0CB923A}.Release|Any CPU.Build.0 = Release|Any CPU
		{728EBCDD-20A8-4804-B495-70E0E0CB923A}.Release|Any CPU.Deploy.0 = Release|Any CPU
		{728EBCDD-20A8-4804-B495-70E0E0CB923A}.Release|ARM.ActiveCfg = Release|Any CPU
		{728EBCDD-20A8-4804-B495-70E0E0CB923A}.Release|ARM.Build.0 = Release|Any CPU
		{728EBCDD-20A8-4804-B495-70E0E0CB923A}.Release|ARM.Deploy.0 = Release|Any CPU
		{728EBCDD-20A8-4804-B495-70E0E0CB923A}.Release|iPhone.ActiveCfg = Release|Any CPU
		{728EBCDD-20A8-4804-B495-70E0E0CB923A}.Release|iPhone.Build.0 = Release|Any CPU
		{728EBCDD-20A8-4804-B495-70E0E0CB923A}.Release|iPhone.Deploy.0 = Release|Any CPU
		{728EBCDD-20A8-4804-B495-70E0E0CB923A}.Release|iPhoneSimulator.ActiveCfg = Release|Any CPU
		{728EBCDD-20A8-4804-B495-70E0E0CB923A}.Release|iPhoneSimulator.Build.0 = Release|Any CPU
		{728EBCDD-20A8-4804-B495-70E0E0CB923A}.Release|iPhoneSimulator.Deploy.0 = Release|Any CPU
		{728EBCDD-20A8-4804-B495-70E0E0CB923A}.Release|x64.ActiveCfg = Release|Any CPU
		{728EBCDD-20A8-4804-B495-70E0E0CB923A}.Release|x64.Build.0 = Release|Any CPU
		{728EBCDD-20A8-4804-B495-70E0E0CB923A}.Release|x64.Deploy.0 = Release|Any CPU
		{728EBCDD-20A8-4804-B495-70E0E0CB923A}.Release|x86.ActiveCfg = Release|Any CPU
		{728EBCDD-20A8-4804-B495-70E0E0CB923A}.Release|x86.Build.0 = Release|Any CPU
		{728EBCDD-20A8-4804-B495-70E0E0CB923A}.Release|x86.Deploy.0 = Release|Any CPU
	EndGlobalSection
	GlobalSection(SolutionProperties) = preSolution
		HideSolutionNode = FALSE
	EndGlobalSection
	GlobalSection(ExtensibilityGlobals) = postSolution
		SolutionGuid = {63644B0D-87A5-4C25-982E-8404FDB2F99D}
	EndGlobalSection
EndGlobal
